{
  "name": "codex-labelx-automation",
  "version": "1.0.0",
  "lockfileVersion": 3,
  "requires": true,
  "packages": {
    "": {
      "name": "codex-labelx-automation",
      "version": "1.0.0",
      "license": "ISC",
      "dependencies": {
        "@playwright/mcp": "^0.0.38",
        "playwright-core": "^1.59.1"
      }
    },
    "node_modules/@playwright/mcp": {
      "version": "0.0.38",
      "resolved": "https://registry.npmjs.org/@playwright/mcp/-/mcp-0.0.38.tgz",
      "integrity": "sha512-6Y/QQ2Ng71toOMRftEofVK5h91RwQ8V75p1u/3NJexBqmNOzg+VPJmLRk4hVLrmGnYynpVCK7caFiGB1WnR/Tw==",
      "license": "Apache-2.0",
      "dependencies": {
        "playwright": "1.56.0-alpha-2025-09-18",
        "playwright-core": "1.56.0-alpha-2025-09-18"
      },
      "bin": {
        "mcp-server-playwright": "cli.js"
      },
      "engines": {
        "node": ">=18"
      }
    },
    "node_modules/@playwright/mcp/node_modules/playwright-core": {
      "version": "1.56.0-alpha-2025-09-18",
      "resolved": "https://registry.npmjs.org/playwright-core/-/playwright-core-1.56.0-alpha-2025-09-18.tgz",
      "integrity": "sha512-Uah9BolKRWGmQYBx4qlo6iwdQymHFfx2yM8KS2PrJln7/SYzgem3vfJCcKJ0toGG0H7TvaazcOxkImvebC8Tjg==",
      "license": "Apache-2.0",
      "bin": {
        "playwright-core": "cli.js"
      },
      "engines": {
        "node": ">=18"
      }
    },
    "node_modules/fsevents": {
      "version": "2.3.2",
      "resolved": "https://registry.npmjs.org/fsevents/-/fsevents-2.3.2.tgz",
      "integrity": "sha512-xiqMQR4xAeHTuB9uWm+fFRcIOgKBMiOBP+eXiyT7jsgVCq1bkVygt00oASowB7EdtpOHaaPgKt812P9ab+DDKA==",
      "hasInstallScript": true,
      "license": "MIT",
      "optional": true,
      "os": [
        "darwin"
      ],
      "engines": {
        "node": "^8.16.0 || ^10.6.0 || >=11.0.0"
      }
    },
    "node_modules/playwright": {
      "version": "1.56.0-alpha-2025-09-18",
      "resolved": "https://registry.npmjs.org/playwright/-/playwright-1.56.0-alpha-2025-09-18.tgz",
      "integrity": "sha512-rvZ5liplc1VWzOuk6WnxiYpb5IIfgyvtMuviy/hT4iaRo3aneRUZeIa2Bk4axIQ+PckEC12Q8pHh3yKtl+Z/2g==",
      "license": "Apache-2.0",
      "dependencies": {
        "playwright-core": "1.56.0-alpha-2025-09-18"
      },
      "bin": {
        "playwright": "cli.js"
      },
      "engines": {
        "node": ">=18"
      },
      "optionalDependencies": {
        "fsevents": "2.3.2"
      }
    },
    "node_modules/playwright-core": {
      "version": "1.59.1",
      "resolved": "https://registry.npmjs.org/playwright-core/-/playwright-core-1.59.1.tgz",
      "integrity": "sha512-HBV/RJg81z5BiiZ9yPzIiClYV/QMsDCKUyogwH9p3MCP6IYjUFu/MActgYAvK0oWyV9NlwM3GLBjADyWgydVyg==",
      "license": "Apache-2.0",
      "bin": {
        "playwright-core": "cli.js"
      },
      "engines": {
        "node": ">=18"
      }
    },
    "node_modules/playwright/node_modules/playwright-core": {
      "version": "1.56.0-alpha-2025-09-18",
      "resolved": "https://registry.npmjs.org/playwright-core/-/playwright-core-1.56.0-alpha-2025-09-18.tgz",
      "integrity": "sha512-Uah9BolKRWGmQYBx4qlo6iwdQymHFfx2yM8KS2PrJln7/SYzgem3vfJCcKJ0toGG0H7TvaazcOxkImvebC8Tjg==",
      "license": "Apache-2.0",
      "bin": {
        "playwright-core": "cli.js"
      },
      "engines": {
        "node": ">=18"
      }
    }
  }
}
